
Microsoft Visual Studio Solution File, Format Version 12.00
# Visual Studio Version 17
VisualStudioVersion = 17.0.32112.339
MinimumVisualStudioVersion = 10.0.40219.1
Project("{FAE04EC0-301F-11D3-BF4B-00C04F79EFBC}") = "HomeWork2", "HomeWork2\HomeWork2.csproj", "{D56DB7A3-33FC-4B29-8973-4A7DD2D64E50}"
EndProject
Global
	GlobalSection(SolutionConfigurationPlatforms) = preSolution
		Debug|Any CPU = Debug|Any CPU
		Release|Any CPU = Release|Any CPU
	EndGlobalSection
	GlobalSection(ProjectConfigurationPlatforms) = postSolution
		{D56DB7A3-33FC-4B29-8973-4A7DD2D64E50}.Debug|Any CPU.ActiveCfg = Debug|Any CPU
		{D56DB7A3-33FC-4B29-8973-4A7DD2D64E50}.Debug|Any CPU.Build.0 = Debug|Any CPU
		{D56DB7A3-33FC-4B29-8973-4A7DD2D64E50}.Release|Any CPU.ActiveCfg = Release|Any CPU
		{D56DB7A3-33FC-4B29-8973-4A7DD2D64E50}.Release|Any CPU.Build.0 = Release|Any CPU
	EndGlobalSection
	GlobalSection(SolutionProperties) = preSolution
		HideSolutionNode = FALSE
	EndGlobalSection
	GlobalSection(ExtensibilityGlobals) = postSolution
		SolutionGuid = {1324C3F9-4B2C-414F-9AAF-ED76BCA9401B}
	EndGlobalSection
EndGlobal
